
Microsoft Visual Studio Solution File, Format Version 12.00
# Visual Studio 15
VisualStudioVersion = 15.0.27703.2035
MinimumVisualStudioVersion = 10.0.40219.1
Project("{9092AA53-FB77-4645-B42D-1CCCA6BD08BD}") = "SimpleChatApp", "SimpleChatApp\SimpleChatApp.njsproj", "{D75CF20B-3BC0-4231-AF9D-56521E9DED68}"
EndProject
Global
	GlobalSection(SolutionConfigurationPlatforms) = preSolution
		Debug|Any CPU = Debug|Any CPU
		Release|Any CPU = Release|Any CPU
	EndGlobalSection
	GlobalSection(ProjectConfigurationPlatforms) = postSolution
		{D75CF20B-3BC0-4231-AF9D-56521E9DED68}.Debug|Any CPU.ActiveCfg = Debug|Any CPU
		{D75CF20B-3BC0-4231-AF9D-56521E9DED68}.Debug|Any CPU.Build.0 = Debug|Any CPU
		{D75CF20B-3BC0-4231-AF9D-56521E9DED68}.Release|Any CPU.ActiveCfg = Release|Any CPU
		{D75CF20B-3BC0-4231-AF9D-56521E9DED68}.Release|Any CPU.Build.0 = Release|Any CPU
	EndGlobalSection
	GlobalSection(SolutionProperties) = preSolution
		HideSolutionNode = FALSE
	EndGlobalSection
	GlobalSection(ExtensibilityGlobals) = postSolution
		SolutionGuid = {CCDD6450-C60D-4711-A349-05F2BB059A3B}
	EndGlobalSection
EndGlobal
